{
  "version": 4,
  "terraform_version": "1.9.5",
  "serial": 1,
  "lineage": "82a8740e-66e2-79d2-3d5f-228b5db9c7e6",
  "outputs": {
    "acr_login_server": {
      "value": null,
      "type": "string"
    },
    "kubeconfig": {
      "value": null,
      "type": "string",
      "sensitive": true
    }
  },
  "resources": [
    {
      "mode": "managed",
      "type": "azurerm_resource_group",
      "name": "priya",
      "provider": "provider[\"registry.terraform.io/hashicorp/azurerm\"]",
      "instances": [
        {
          "schema_version": 0,
          "attributes": {
            "id": "/subscriptions/6241e51c-c2f5-4ed1-98c5-16824bbdeafa/resourceGroups/priya",
            "location": "eastus",
            "managed_by": "",
            "name": "priya",
            "tags": {},
            "timeouts": null
          },
          "sensitive_attributes": [],
          "private": "eyJlMmJmYjczMC1lY2FhLTExZTYtOGY4OC0zNDM2M2JjN2M0YzAiOnsiY3JlYXRlIjo1NDAwMDAwMDAwMDAwLCJkZWxldGUiOjU0MDAwMDAwMDAwMDAsInJlYWQiOjMwMDAwMDAwMDAwMCwidXBkYXRlIjo1NDAwMDAwMDAwMDAwfSwic2NoZW1hX3ZlcnNpb24iOiIwIn0="
        }
      ]
    }
  ],
  "check_results": null
}
